
Microsoft Visual Studio Solution File, Format Version 12.00
# Visual Studio 15
VisualStudioVersion = 15.0.28010.2026
MinimumVisualStudioVersion = 10.0.40219.1
Project("{FAE04EC0-301F-11D3-BF4B-00C04F79EFBC}") = "Lab8", "Lab8\Lab8.csproj", "{354BF2AD-0186-4BFB-9D3D-50E2F54449BF}"
EndProject
Global
	GlobalSection(SolutionConfigurationPlatforms) = preSolution
		Debug|Any CPU = Debug|Any CPU
		Release|Any CPU = Release|Any CPU
	EndGlobalSection
	GlobalSection(ProjectConfigurationPlatforms) = postSolution
		{354BF2AD-0186-4BFB-9D3D-50E2F54449BF}.Debug|Any CPU.ActiveCfg = Debug|Any CPU
		{354BF2AD-0186-4BFB-9D3D-50E2F54449BF}.Debug|Any CPU.Build.0 = Debug|Any CPU
		{354BF2AD-0186-4BFB-9D3D-50E2F54449BF}.Release|Any CPU.ActiveCfg = Release|Any CPU
		{354BF2AD-0186-4BFB-9D3D-50E2F54449BF}.Release|Any CPU.Build.0 = Release|Any CPU
	EndGlobalSection
	GlobalSection(SolutionProperties) = preSolution
		HideSolutionNode = FALSE
	EndGlobalSection
	GlobalSection(ExtensibilityGlobals) = postSolution
		SolutionGuid = {83213527-4E2C-4C55-BB5B-C23868EB3A8F}
	EndGlobalSection
EndGlobal
